
Microsoft Visual Studio Solution File, Format Version 12.00
# Visual Studio Version 17
VisualStudioVersion = 17.7.34221.43
MinimumVisualStudioVersion = 10.0.40219.1
Project("{8BC9CEB8-8B4A-11D0-8D11-00A0C91BC942}") = "Españolxd", "Españolxd\Españolxd.vcxproj", "{5B9CAD62-E655-4E5B-821C-EC4DFB420799}"
EndProject
Global
	GlobalSection(SolutionConfigurationPlatforms) = preSolution
		Debug|x64 = Debug|x64
		Debug|x86 = Debug|x86
		Release|x64 = Release|x64
		Release|x86 = Release|x86
	EndGlobalSection
	GlobalSection(ProjectConfigurationPlatforms) = postSolution
		{5B9CAD62-E655-4E5B-821C-EC4DFB420799}.Debug|x64.ActiveCfg = Debug|x64
		{5B9CAD62-E655-4E5B-821C-EC4DFB420799}.Debug|x64.Build.0 = Debug|x64
		{5B9CAD62-E655-4E5B-821C-EC4DFB420799}.Debug|x86.ActiveCfg = Debug|Win32
		{5B9CAD62-E655-4E5B-821C-EC4DFB420799}.Debug|x86.Build.0 = Debug|Win32
		{5B9CAD62-E655-4E5B-821C-EC4DFB420799}.Release|x64.ActiveCfg = Release|x64
		{5B9CAD62-E655-4E5B-821C-EC4DFB420799}.Release|x64.Build.0 = Release|x64
		{5B9CAD62-E655-4E5B-821C-EC4DFB420799}.Release|x86.ActiveCfg = Release|Win32
		{5B9CAD62-E655-4E5B-821C-EC4DFB420799}.Release|x86.Build.0 = Release|Win32
	EndGlobalSection
	GlobalSection(SolutionProperties) = preSolution
		HideSolutionNode = FALSE
	EndGlobalSection
	GlobalSection(ExtensibilityGlobals) = postSolution
		SolutionGuid = {8F086C61-7A7B-4C37-927F-91F7A1D1D073}
	EndGlobalSection
EndGlobal
